
Microsoft Visual Studio Solution File, Format Version 12.00
# Visual Studio Version 17
VisualStudioVersion = 17.13.35919.96 d17.13
MinimumVisualStudioVersion = 10.0.40219.1
Project("{FAE04EC0-301F-11D3-BF4B-00C04F79EFBC}") = "BlazorApp12", "BlazorApp12\BlazorApp12.csproj", "{84C4993D-2C10-48CA-BDAA-671E85517598}"
EndProject
Global
	GlobalSection(SolutionConfigurationPlatforms) = preSolution
		Debug|Any CPU = Debug|Any CPU
		Release|Any CPU = Release|Any CPU
	EndGlobalSection
	GlobalSection(ProjectConfigurationPlatforms) = postSolution
		{84C4993D-2C10-48CA-BDAA-671E85517598}.Debug|Any CPU.ActiveCfg = Debug|Any CPU
		{84C4993D-2C10-48CA-BDAA-671E85517598}.Debug|Any CPU.Build.0 = Debug|Any CPU
		{84C4993D-2C10-48CA-BDAA-671E85517598}.Release|Any CPU.ActiveCfg = Release|Any CPU
		{84C4993D-2C10-48CA-BDAA-671E85517598}.Release|Any CPU.Build.0 = Release|Any CPU
	EndGlobalSection
	GlobalSection(SolutionProperties) = preSolution
		HideSolutionNode = FALSE
	EndGlobalSection
	GlobalSection(ExtensibilityGlobals) = postSolution
		SolutionGuid = {119BF5E3-CA72-41FE-A4D5-8B93144BA746}
	EndGlobalSection
EndGlobal
